# THIS IS AN AUTOGENERATED FILE. DO NOT EDIT THIS FILE DIRECTLY.
---
images:
  AARCH64:
    repository: "ubuntu"
    tag: "20.04"
    digest: "sha256:a51c8bb81605567ea27d627425adf94a613d675a664bf473d43a55a8a26416b8"
  X86_64:
    repository: "ubuntu"
    tag: "20.04"
    digest: "sha256:31cd7bbfd36421dfd338bceb36d803b3663c1bfa87dfe6af7ba764b5bf34de05"
